
Microsoft Visual Studio Solution File, Format Version 12.00
# Visual Studio 15
VisualStudioVersion = 15.0.27130.2027
MinimumVisualStudioVersion = 10.0.40219.1
Project("{FAE04EC0-301F-11D3-BF4B-00C04F79EFBC}") = "StorageMaster", "StorageMaster\StorageMaster.csproj", "{CC30EAD9-9735-4163-B694-4E7E044AD623}"
EndProject
Global
	GlobalSection(SolutionConfigurationPlatforms) = preSolution
		Debug|Any CPU = Debug|Any CPU
		Release|Any CPU = Release|Any CPU
	EndGlobalSection
	GlobalSection(ProjectConfigurationPlatforms) = postSolution
		{CC30EAD9-9735-4163-B694-4E7E044AD623}.Debug|Any CPU.ActiveCfg = Debug|Any CPU
		{CC30EAD9-9735-4163-B694-4E7E044AD623}.Debug|Any CPU.Build.0 = Debug|Any CPU
		{CC30EAD9-9735-4163-B694-4E7E044AD623}.Release|Any CPU.ActiveCfg = Release|Any CPU
		{CC30EAD9-9735-4163-B694-4E7E044AD623}.Release|Any CPU.Build.0 = Release|Any CPU
	EndGlobalSection
	GlobalSection(SolutionProperties) = preSolution
		HideSolutionNode = FALSE
	EndGlobalSection
	GlobalSection(ExtensibilityGlobals) = postSolution
		SolutionGuid = {E3CA019E-AF84-458E-AF80-C67AEAA7CF00}
	EndGlobalSection
EndGlobal
