
Microsoft Visual Studio Solution File, Format Version 12.00
# Visual Studio 15
VisualStudioVersion = 15.0.27130.2027
MinimumVisualStudioVersion = 10.0.40219.1
Project("{9A19103F-16F7-4668-BE54-9A1E7A4F7556}") = "Minedraft", "Minedraft\Minedraft.csproj", "{4129660B-6477-4865-AF75-15BC932AE674}"
EndProject
Global
	GlobalSection(SolutionConfigurationPlatforms) = preSolution
		Debug|Any CPU = Debug|Any CPU
		Release|Any CPU = Release|Any CPU
	EndGlobalSection
	GlobalSection(ProjectConfigurationPlatforms) = postSolution
		{4129660B-6477-4865-AF75-15BC932AE674}.Debug|Any CPU.ActiveCfg = Debug|Any CPU
		{4129660B-6477-4865-AF75-15BC932AE674}.Debug|Any CPU.Build.0 = Debug|Any CPU
		{4129660B-6477-4865-AF75-15BC932AE674}.Release|Any CPU.ActiveCfg = Release|Any CPU
		{4129660B-6477-4865-AF75-15BC932AE674}.Release|Any CPU.Build.0 = Release|Any CPU
	EndGlobalSection
	GlobalSection(SolutionProperties) = preSolution
		HideSolutionNode = FALSE
	EndGlobalSection
	GlobalSection(ExtensibilityGlobals) = postSolution
		SolutionGuid = {DCDC7049-D8AF-48C0-A051-7E93F8D5028E}
	EndGlobalSection
EndGlobal
